
Microsoft Visual Studio Solution File, Format Version 12.00
# Visual Studio Version 17
VisualStudioVersion = 17.7.34202.233
MinimumVisualStudioVersion = 10.0.40219.1
Project("{FAE04EC0-301F-11D3-BF4B-00C04F79EFBC}") = "Graphics", "Graphics\Graphics.csproj", "{70FCF0A5-82C2-4CEA-95A8-BEA30F4A30A9}"
EndProject
Global
	GlobalSection(SolutionConfigurationPlatforms) = preSolution
		Debug|Any CPU = Debug|Any CPU
		Release|Any CPU = Release|Any CPU
	EndGlobalSection
	GlobalSection(ProjectConfigurationPlatforms) = postSolution
		{70FCF0A5-82C2-4CEA-95A8-BEA30F4A30A9}.Debug|Any CPU.ActiveCfg = Debug|Any CPU
		{70FCF0A5-82C2-4CEA-95A8-BEA30F4A30A9}.Debug|Any CPU.Build.0 = Debug|Any CPU
		{70FCF0A5-82C2-4CEA-95A8-BEA30F4A30A9}.Release|Any CPU.ActiveCfg = Release|Any CPU
		{70FCF0A5-82C2-4CEA-95A8-BEA30F4A30A9}.Release|Any CPU.Build.0 = Release|Any CPU
	EndGlobalSection
	GlobalSection(SolutionProperties) = preSolution
		HideSolutionNode = FALSE
	EndGlobalSection
	GlobalSection(ExtensibilityGlobals) = postSolution
		SolutionGuid = {934A7E87-07A4-41F0-8F20-3AB91488894A}
	EndGlobalSection
EndGlobal
